# THIS IS AN AUTOGENERATED FILE. DO NOT EDIT THIS FILE DIRECTLY.
# yarn lockfile v1


argsparser@>=0.0.3:
  version "0.0.7"
  resolved "https://registry.yarnpkg.com/argsparser/-/argsparser-0.0.7.tgz#41c85e0c3de757b350f12e6ed0e490b1e82dbe06"

balanced-match@^1.0.0:
  version "1.0.0"
  resolved "https://registry.yarnpkg.com/balanced-match/-/balanced-match-1.0.0.tgz#89b4d199ab2bee49de164ea02b89ce462d71b767"

brace-expansion@^1.1.7:
  version "1.1.11"
  resolved "https://registry.yarnpkg.com/brace-expansion/-/brace-expansion-1.1.11.tgz#3c7fcbf529d87226f3d2f52b966ff5271eb441dd"
  dependencies:
    balanced-match "^1.0.0"
    concat-map "0.0.1"

"chainsaw@>=0.0.7 <0.1":
  version "0.0.9"
  resolved "https://registry.yarnpkg.com/chainsaw/-/chainsaw-0.0.9.tgz#11a05102d1c4c785b6d0415d336d5a3a1612913e"
  dependencies:
    traverse ">=0.3.0 <0.4"

colors@0.6.x:
  version "0.6.2"
  resolved "https://registry.yarnpkg.com/colors/-/colors-0.6.2.tgz#2423fe6678ac0c5dae8852e5d0e5be08c997abcc"

concat-map@0.0.1:
  version "0.0.1"
  resolved "https://registry.yarnpkg.com/concat-map/-/concat-map-0.0.1.tgz#d8a96bd77fd68df7793a73036a3ba0d5405d477b"

eyes@0.1.x:
  version "0.1.8"
  resolved "https://registry.yarnpkg.com/eyes/-/eyes-0.1.8.tgz#62cf120234c683785d902348a800ef3e0cc20bc0"

findit@0.1.x:
  version "0.1.2"
  resolved "https://registry.yarnpkg.com/findit/-/findit-0.1.2.tgz#ac7fe600cd6a32a35672836b74cf6f1dde2e11f8"
  dependencies:
    seq ">=0.1.7"

"hashish@>=0.0.2 <0.1":
  version "0.0.4"
  resolved "https://registry.yarnpkg.com/hashish/-/hashish-0.0.4.tgz#6d60bc6ffaf711b6afd60e426d077988014e6554"
  dependencies:
    traverse ">=0.2.4"

inherits@*:
  version "2.0.3"
  resolved "https://registry.yarnpkg.com/inherits/-/inherits-2.0.3.tgz#633c2c83e3da42a502f52466022480f4208261de"

inherits@~1.0.0:
  version "1.0.2"
  resolved "https://registry.yarnpkg.com/inherits/-/inherits-1.0.2.tgz#ca4309dadee6b54cc0b8d247e8d7c7a0975bdc9b"

jshint@0.5.x:
  version "0.5.9"
  resolved "https://registry.yarnpkg.com/jshint/-/jshint-0.5.9.tgz#ccb5ba9d2818dfe78857feaa71ccba0cb10aebc9"
  dependencies:
    argsparser ">=0.0.3"
    minimatch ">=0.0.4"

jslint-core@*:
  version "2011.1.9"
  resolved "https://registry.yarnpkg.com/jslint-core/-/jslint-core@2011.01.09.tgz#bf76e7ce412a4e8dafadf5444357f7ae488289e5"

minimatch@>=0.0.4:
  version "3.0.4"
  resolved "https://registry.yarnpkg.com/minimatch/-/minimatch-3.0.4.tgz#5166e286457f03306064be5497e8dbb0c3d32083"
  dependencies:
    brace-expansion "^1.1.7"

nodeunit@0.6.x:
  version "0.6.4"
  resolved "https://registry.yarnpkg.com/nodeunit/-/nodeunit-0.6.4.tgz#9bd543035b6f86d9db2030d872dee28513dbf499"
  dependencies:
    tap-assert ">=0.0.9"
    tap-producer ">=0.0.1"

seq@>=0.1.7:
  version "0.3.5"
  resolved "https://registry.yarnpkg.com/seq/-/seq-0.3.5.tgz#ae02af3a424793d8ccbf212d69174e0c54dffe38"
  dependencies:
    chainsaw ">=0.0.7 <0.1"
    hashish ">=0.0.2 <0.1"

tap-assert@>=0.0.9:
  version "0.0.11"
  resolved "https://registry.yarnpkg.com/tap-assert/-/tap-assert-0.0.11.tgz#2ac7236412743a17548abc28ed53a117280d596a"

tap-producer@>=0.0.1:
  version "0.0.1"
  resolved "https://registry.yarnpkg.com/tap-producer/-/tap-producer-0.0.1.tgz#0b57231372ce362aad65715c0d6ea45758695d6c"
  dependencies:
    inherits "*"
    tap-results "0.x"
    yamlish "*"

tap-results@0.x:
  version "0.0.2"
  resolved "https://registry.yarnpkg.com/tap-results/-/tap-results-0.0.2.tgz#a124dfe7a4b66279c6f65aedc54ec5977464268b"
  dependencies:
    inherits "~1.0.0"

traverse@0.5.x:
  version "0.5.2"
  resolved "https://registry.yarnpkg.com/traverse/-/traverse-0.5.2.tgz#e203c58d5f7f0e37db6e74c0acb929bb09b61d85"

traverse@>=0.2.4:
  version "0.6.6"
  resolved "https://registry.yarnpkg.com/traverse/-/traverse-0.6.6.tgz#cbdf560fd7b9af632502fed40f918c157ea97137"

"traverse@>=0.3.0 <0.4":
  version "0.3.9"
  resolved "https://registry.yarnpkg.com/traverse/-/traverse-0.3.9.tgz#717b8f220cc0bb7b44e40514c22b2e8bbc70d8b9"

uglify-js@1.0.x:
  version "1.0.7"
  resolved "https://registry.yarnpkg.com/uglify-js/-/uglify-js-1.0.7.tgz#2b7a10e628f88029a553d2b4bbb17409343755c0"

yamlish@*:
  version "0.0.7"
  resolved "https://registry.yarnpkg.com/yamlish/-/yamlish-0.0.7.tgz#b4af9a1dcc63618873c3d6e451ec3213c39a57fb"
